
Microsoft Visual Studio Solution File, Format Version 12.00
# Visual Studio Version 16
VisualStudioVersion = 25.0.1705.4
MinimumVisualStudioVersion = 10.0.40219.1
Project("{FAE04EC0-301F-11D3-BF4B-00C04F79EFBC}") = "HotelsReservation.Api", "HotelsReservation.Api\HotelsReservation.Api.csproj", "{CB369154-CA48-4865-83B3-534D88EDB417}"
EndProject
Project("{FAE04EC0-301F-11D3-BF4B-00C04F79EFBC}") = "HotelsReservation.Domain", "HotelsReservation.Domain\HotelsReservation.Domain.csproj", "{3C8A80EA-E800-4B6A-A918-DB9E4673791B}"
EndProject
Global
	GlobalSection(SolutionConfigurationPlatforms) = preSolution
		Debug|Any CPU = Debug|Any CPU
		Release|Any CPU = Release|Any CPU
	EndGlobalSection
	GlobalSection(ProjectConfigurationPlatforms) = postSolution
		{CB369154-CA48-4865-83B3-534D88EDB417}.Debug|Any CPU.ActiveCfg = Debug|Any CPU
		{CB369154-CA48-4865-83B3-534D88EDB417}.Debug|Any CPU.Build.0 = Debug|Any CPU
		{CB369154-CA48-4865-83B3-534D88EDB417}.Release|Any CPU.ActiveCfg = Release|Any CPU
		{CB369154-CA48-4865-83B3-534D88EDB417}.Release|Any CPU.Build.0 = Release|Any CPU
		{3C8A80EA-E800-4B6A-A918-DB9E4673791B}.Debug|Any CPU.ActiveCfg = Debug|Any CPU
		{3C8A80EA-E800-4B6A-A918-DB9E4673791B}.Debug|Any CPU.Build.0 = Debug|Any CPU
		{3C8A80EA-E800-4B6A-A918-DB9E4673791B}.Release|Any CPU.ActiveCfg = Release|Any CPU
		{3C8A80EA-E800-4B6A-A918-DB9E4673791B}.Release|Any CPU.Build.0 = Release|Any CPU
	EndGlobalSection
	GlobalSection(SolutionProperties) = preSolution
		HideSolutionNode = FALSE
	EndGlobalSection
	GlobalSection(ExtensibilityGlobals) = postSolution
		SolutionGuid = {988DF802-64E2-4F06-8CF1-BBF4975D05B7}
	EndGlobalSection
EndGlobal
